
Microsoft Visual Studio Solution File, Format Version 12.00
# Visual Studio 15
VisualStudioVersion = 15.0.27703.2035
MinimumVisualStudioVersion = 10.0.40219.1
Project("{9A19103F-16F7-4668-BE54-9A1E7A4F7556}") = "PS.OTT.Microservice.DeleteDevice.KAZ", "PS.OTT.Microservice.DeleteDevice.KAZ\PS.OTT.Microservice.DeleteDevice.KAZ.csproj", "{20FB6A9F-B3EE-438A-A7F0-0ABFFF63CA91}"
EndProject
Project("{2150E333-8FDC-42A3-9474-1A3956D46DE8}") = "Solution Items", "Solution Items", "{EA41ADA6-DB88-43B9-A6FA-46BAC1CC7326}"
	ProjectSection(SolutionItems) = preProject
		Jenkinsfile = Jenkinsfile
	EndProjectSection
EndProject
Global
	GlobalSection(SolutionConfigurationPlatforms) = preSolution
		Debug|Any CPU = Debug|Any CPU
		Release|Any CPU = Release|Any CPU
	EndGlobalSection
	GlobalSection(ProjectConfigurationPlatforms) = postSolution
		{20FB6A9F-B3EE-438A-A7F0-0ABFFF63CA91}.Debug|Any CPU.ActiveCfg = Debug|Any CPU
		{20FB6A9F-B3EE-438A-A7F0-0ABFFF63CA91}.Debug|Any CPU.Build.0 = Debug|Any CPU
		{20FB6A9F-B3EE-438A-A7F0-0ABFFF63CA91}.Release|Any CPU.ActiveCfg = Release|Any CPU
		{20FB6A9F-B3EE-438A-A7F0-0ABFFF63CA91}.Release|Any CPU.Build.0 = Release|Any CPU
	EndGlobalSection
	GlobalSection(SolutionProperties) = preSolution
		HideSolutionNode = FALSE
	EndGlobalSection
	GlobalSection(ExtensibilityGlobals) = postSolution
		SolutionGuid = {6555C11E-762F-4426-A4F1-EB9C2B68DE64}
	EndGlobalSection
EndGlobal
